version = 1
revision = 3
requires-python = ">=3.11"

[options]
prerelease-mode = "allow"

[[package]]
name = "duckdb"
version = "2.0.0.dev2609250715"
source = { registry = "https://pypi.org/simple" }
sdist = { url = "https://files.pythonhosted.org/packages/11/9b/54f456c3a41dd7c0836eab85242c417d032cb5e04772d4b364c22b14a70c/duckdb-2.0.0.dev2609250715.tar.gz", hash = "sha256:f9c372dec179c616d0d0b358873342e8034690b4a238fdfc1b3e56a9426b8431", size = 16285644, upload-time = "2026-09-25T16:03:14.373Z" }
wheels = [
    { url = "https://files.pythonhosted.org/packages/53/4b/e85ab19f2e0968545f85e56bf1296f88fdd450b51768efc5aa559b48943a/duckdb-2.0.0.dev2609250715-cp311-cp311-macosx_10_15_universal2.whl", hash = "sha256:7c8ef122af6de039d95b4ef57dec117e098f526137e9cbde3d268253be5c559a", size = 35534333, upload-time = "2026-09-25T16:01:40.107Z" },
    { url = "https://files.pythonhosted.org/packages/dd/b2/a446206cc48a797ca67531a4382faa95166e0ea82d24d7ddfa62800710b9/duckdb-2.0.0.dev2609250715-cp311-cp311-macosx_10_15_x86_64.whl", hash = "sha256:068160fb2382b716fc4ccb63f3671656cb9b184bacc7eec8a7d22c9e30f168c6", size = 18859215, upload-time = "2026-09-25T16:01:44.38Z" },
    { url = "https://files.pythonhosted.org/packages/2f/9d/ae74d0439394e1165e425bcf63dcb0859526ec28be6e75d6626061923764/duckdb-2.0.0.dev2609250715-cp311-cp311-macosx_11_0_arm64.whl", hash = "sha256:826e8c7a05ad884aabd4a3147cb942d7b601daa011a574ce90a54e374aad9481", size = 16811027, upload-time = "2026-09-25T16:01:47.493Z" },
    { url = "https://files.pythonhosted.org/packages/51/6c/d4c2e637fd8cfab34529b71dfb465852729810de1ce8431834344d8b7700/duckdb-2.0.0.dev2609250715-cp311-cp311-manylinux_2_26_aarch64.manylinux_2_28_aarch64.whl", hash = "sha256:1ad93151653a1e192a5074ff83b5a9071f364c666f9015acbba37453c02457e5", size = 20741476, upload-time = "2026-09-25T16:01:50.564Z" },
    { url = "https://files.pythonhosted.org/packages/62/40/2ee49a129e3bb05e639823692f794e7e018eedc7dcc249f57281b39eece8/duckdb-2.0.0.dev2609250715-cp311-cp311-manylinux_2_27_x86_64.manylinux_2_28_x86_64.whl", hash = "sha256:6484fa12f565678f012e8261b0551fd2a7de74feb69570c07630128bf4cc2065", size = 23995108, upload-time = "2026-09-25T16:01:54.439Z" },
    { url = "https://files.pythonhosted.org/packages/ad/1c/237f791fd2eca9f978ae1f69e803caac6da9a38583114457329cd94f50f6/duckdb-2.0.0.dev2609250715-cp311-cp311-win_amd64.whl", hash = "sha256:941a6542e5d2401b839b0e5dbb4194675b7a958ea9facbb61fad4c48dec4ac22", size = 14617971, upload-time = "2026-09-25T16:01:57.604Z" },
    { url = "https://files.pythonhosted.org/packages/67/25/6f18fc96430555aa673966ebcbfc6a9fc543b546697500b677874a075b02/duckdb-2.0.0.dev2609250715-cp311-cp311-win_arm64.whl", hash = "sha256:a713e9dddf520250efe833e9e2622fafb8affaec21f6c653212401e780586b30", size = 14820962, upload-time = "2026-09-25T16:02:00.551Z" },
    { url = "https://files.pythonhosted.org/packages/e3/77/a8aff59767d93d5da960bb2998719907c661c3e81614ac0ac4b4dad6f9d3/duckdb-2.0.0.dev2609250715-cp312-cp312-macosx_10_15_universal2.whl", hash = "sha256:f94a17141f3486a14e0f9c94f81b4b37a07ec0623817f4d8877cc21e0ce98634", size = 35538246, upload-time = "2026-09-25T16:02:04.555Z" },
    { url = "https://files.pythonhosted.org/packages/53/e8/314b50cd1258733073a97a3e5bd2cd5450da98582501bfa10d24d19fb70b/duckdb-2.0.0.dev2609250715-cp312-cp312-macosx_10_15_x86_64.whl", hash = "sha256:4d65e2524fb3fdb81bca4793558eb1e50330476de7051ed2673d924df9770b29", size = 18863159, upload-time = "2026-09-25T16:02:07.837Z" },
    { url = "https://files.pythonhosted.org/packages/cb/e0/6eb6cf0f59478420820d6c44d7c4eb9160625a5b6ef3d24b46ba65d94358/duckdb-2.0.0.dev2609250715-cp312-cp312-macosx_11_0_arm64.whl", hash = "sha256:08325398057d37b4345475822c297f629404f223b868025cb9950daee4b37719", size = 16808961, upload-time = "2026-09-25T16:02:10.714Z" },
    { url = "https://files.pythonhosted.org/packages/7c/aa/dd06c0a559437e886e8ef908c3e0229601f6c3a66c8b0ee6403a99c2aa1a/duckdb-2.0.0.dev2609250715-cp312-cp312-manylinux_2_26_aarch64.manylinux_2_28_aarch64.whl", hash = "sha256:42bfd14c91b703984675e5dab5fcb1d62cfd7884fcfe72a2a08aba7bd53c5ea8", size = 20735454, upload-time = "2026-09-25T16:02:13.852Z" },
    { url = "https://files.pythonhosted.org/packages/bc/9e/b8c0224870813553cac63d0bba71184081866654e7a3707af2ced47341e1/duckdb-2.0.0.dev2609250715-cp312-cp312-manylinux_2_27_x86_64.manylinux_2_28_x86_64.whl", hash = "sha256:b0c8efd7f1578860f46616ee69cb0440d29d099834ec5e3dd5331eb6b385b959", size = 23995208, upload-time = "2026-09-25T16:02:17.678Z" },
    { url = "https://files.pythonhosted.org/packages/02/65/6b6b32a49375bd5a98ff529e751ff1375885aef170b0bfee1060ade18d89/duckdb-2.0.0.dev2609250715-cp312-cp312-win_amd64.whl", hash = "sha256:067479887efb99f5a39aa094c62e00f004e00aa3c530cb088010cfac2db98dd7", size = 14619163, upload-time = "2026-09-25T16:02:20.709Z" },
    { url = "https://files.pythonhosted.org/packages/cf/a4/e2d2355ee35d49b98170fcf1157932a4b64c7c38fe059e747267e7385b8b/duckdb-2.0.0.dev2609250715-cp312-cp312-win_arm64.whl", hash = "sha256:97953af5d842e4714b626593d0e73a5a6846af4eb40f616ec315296ff082f743", size = 14818277, upload-time = "2026-09-25T16:02:23.471Z" },
    { url = "https://files.pythonhosted.org/packages/00/86/f29efc0813b40188679beca284a521dcb0b133b2dfe3c60157eade990af1/duckdb-2.0.0.dev2609250715-cp313-cp313-macosx_10_15_universal2.whl", hash = "sha256:a85f0ad9176ff25b6b8a4a9585bdc58b4c676d4734900ae4c7be1c1d0f1d7910", size = 35537698, upload-time = "2026-09-25T16:02:26.985Z" },
    { url = "https://files.pythonhosted.org/packages/bf/12/02ab643ebf0128c19a4c6ce893f6fb46a98f0d43ed94845226a970104cd7/duckdb-2.0.0.dev2609250715-cp313-cp313-macosx_10_15_x86_64.whl", hash = "sha256:7cd759f1e0c4af8e590c93c313de83bd3d6de2d0f03e6ae54921c4a23978044a", size = 18863052, upload-time = "2026-09-25T16:02:30.075Z" },
    { url = "https://files.pythonhosted.org/packages/34/e9/2226b8380da635fe7c43e589a6e70cd5d36ca2a3a34c165e5c697c10c0a7/duckdb-2.0.0.dev2609250715-cp313-cp313-macosx_11_0_arm64.whl", hash = "sha256:459499cfb879bc6784972ef042717b488feec79867adbb87ec47803d7d4e5e31", size = 16808792, upload-time = "2026-09-25T16:02:33.219Z" },
    { url = "https://files.pythonhosted.org/packages/a1/48/a0a7eb0f2f258c3fcb897026e5676fe05c1ff189499dca0387d40adb8912/duckdb-2.0.0.dev2609250715-cp313-cp313-manylinux_2_26_aarch64.manylinux_2_28_aarch64.whl", hash = "sha256:1846fbcb0d9c0b418a643f88434a871aada1bd50f952336139c8fe8b0f86ed0f", size = 20735743, upload-time = "2026-09-25T16:02:36.338Z" },
    { url = "https://files.pythonhosted.org/packages/19/96/adc5ec6a69e0b3be2905d097491f1990934cde8f5f0506182d204fe36e23/duckdb-2.0.0.dev2609250715-cp313-cp313-manylinux_2_27_x86_64.manylinux_2_28_x86_64.whl", hash = "sha256:8fcb96c9a5ef3ef92f7077d468a075e681b4345f8b582128f79ece34d88a6310", size = 23994649, upload-time = "2026-09-25T16:02:39.97Z" },
    { url = "https://files.pythonhosted.org/packages/bc/60/c15c49d195f93504ec1e7ea833c76ec447b5551fd30c71ee6d9c1cbbc0a6/duckdb-2.0.0.dev2609250715-cp313-cp313-win_amd64.whl", hash = "sha256:2a3bcb712e70885827cf779a29ebdfc714b996a6dc0c7bf1ef17b9751e4f7420", size = 14618895, upload-time = "2026-09-25T16:02:42.971Z" },
    { url = "https://files.pythonhosted.org/packages/bd/82/2775f3c3f0e3b3ff93303c22c4e860e6cafcdde169e228aa47d7a604a205/duckdb-2.0.0.dev2609250715-cp313-cp313-win_arm64.whl", hash = "sha256:695c15249d85121dd7e0d2cbf1efc237cdc8ba9d7ed96d963fe9ecf9323c99f3", size = 14817183, upload-time = "2026-09-25T16:02:46.322Z" },
    { url = "https://files.pythonhosted.org/packages/f7/15/9d610a45bee8b8a0a6cb8b4b90698f1fa2142b1787ba84c2729f95714759/duckdb-2.0.0.dev2609250715-cp314-cp314-macosx_10_15_universal2.whl", hash = "sha256:04ba9c86b3094c207d63416a7d6d43084516bfe75a41c2c394bced14e5f51c2e", size = 35543544, upload-time = "2026-09-25T16:02:50.634Z" },
    { url = "https://files.pythonhosted.org/packages/d3/d4/387d5d5d70cd556018a70bb8a2959cde6e5c7b51ea574ccac69978664098/duckdb-2.0.0.dev2609250715-cp314-cp314-macosx_10_15_x86_64.whl", hash = "sha256:46eb281283c979c2750f37df2dfceeee46a4f2d42c236845b46d4bcfed1d7e2a", size = 18863790, upload-time = "2026-09-25T16:02:54.204Z" },
    { url = "https://files.pythonhosted.org/packages/99/30/ffe767827b89b29e3d054d0115fa20a6afba487ee216fd270542065d816d/duckdb-2.0.0.dev2609250715-cp314-cp314-macosx_11_0_arm64.whl", hash = "sha256:580e486d70e55748f787083037cddffb217f37053bffdd98609636d102fe8999", size = 16810762, upload-time = "2026-09-25T16:02:57.109Z" },
    { url = "https://files.pythonhosted.org/packages/50/b7/2b0dadc46b043e02b4b20059f0be77ed7915d720c2086eca60b4029f994f/duckdb-2.0.0.dev2609250715-cp314-cp314-manylinux_2_26_aarch64.manylinux_2_28_aarch64.whl", hash = "sha256:8ed6c24b203a79f852615c54b9cb8a991a2baccd23923b63c4fdf711816b3302", size = 20739547, upload-time = "2026-09-25T16:03:00.624Z" },
    { url = "https://files.pythonhosted.org/packages/e9/49/61b1e19eec10307cca60d1fcece4c1b2ef69c8a23afc7786bac60a24a463/duckdb-2.0.0.dev2609250715-cp314-cp314-manylinux_2_27_x86_64.manylinux_2_28_x86_64.whl", hash = "sha256:b1afbb9239b09ab8a0bb0609aefd0cd4e1fe3a28360bba145042e1e5458a887f", size = 23995249, upload-time = "2026-09-25T16:03:03.999Z" },
    { url = "https://files.pythonhosted.org/packages/57/94/7e9b62bfa9b20f061a37a2e5885f46ec1528aadee12d7b58f43bb0c3b199/duckdb-2.0.0.dev2609250715-cp314-cp314-win_amd64.whl", hash = "sha256:b5fcab15f52a3210eb94522335f020a18688a6207d6fc53741a7da2afc8f90c6", size = 15048275, upload-time = "2026-09-25T16:03:08.178Z" },
    { url = "https://files.pythonhosted.org/packages/6f/76/7d8075f871d26a5e542bd035f6ad3dbe1e0c6ed7a27f9483af0ab13fa551/duckdb-2.0.0.dev2609250715-cp314-cp314-win_arm64.whl", hash = "sha256:9224903c281449e75b762bd20c2017212afd51e3a4a2ef84a8e4c924f3e2cc91", size = 15212227, upload-time = "2026-09-25T16:03:11.176Z" },
]

[[package]]
name = "duckdb-sqllogictest"
version = "0.0.1"
source = { git = "https://github.com/duckdb/duckdb-sqllogictest-python?rev=2ac8dbc012ddbd96a57dca37784fd8ee3c0eb021#2ac8dbc012ddbd96a57dca37784fd8ee3c0eb021" }
dependencies = [
    { name = "duckdb" },
    { name = "termcolor" },
]

[[package]]
name = "duckers-dev"
version = "0"
source = { virtual = "." }
dependencies = [
    { name = "duckdb" },
    { name = "duckdb-sqllogictest" },
]

[package.dev-dependencies]
dev = [
    { name = "ruff" },
]

[package.metadata]
requires-dist = [
    { name = "duckdb", specifier = "==2.0.0.dev2609250715" },
    { name = "duckdb-sqllogictest", git = "https://github.com/duckdb/duckdb-sqllogictest-python?rev=2ac8dbc012ddbd96a57dca37784fd8ee3c0eb021" },
]

[package.metadata.requires-dev]
dev = [{ name = "ruff", specifier = "==0.16.9" }]

[[package]]
name = "ruff"
version = "0.16.9"
source = { registry = "https://pypi.org/simple" }
sdist = { url = "https://files.pythonhosted.org/packages/96/bf/c935ca98e73fe8ce65b87ef08a280c0c1e85295d569228c15e87d8fdfaf1/ruff-0.16.9.tar.gz", hash = "sha256:12b625c6cfba78d285d9f48eda5f053374f1e53cb10ef17342a383750db99161", size = 4948764, upload-time = "2026-09-24T20:37:49.416Z" }
wheels = [
    { url = "https://files.pythonhosted.org/packages/0d/26/df51322b52ee1ada7eff2d071ea09d11d5c2d1dcc9f02594f5785c4d1635/ruff-0.16.9-py3-none-linux_armv6l.whl", hash = "sha256:95e6f022090368ab3b824c36276839c53b2adf1a3f4c09fefc33dfc400f6da96", size = 10082922, upload-time = "2026-09-24T20:37:13.045Z" },
    { url = "https://files.pythonhosted.org/packages/a5/27/7bf51f5a7aa375e9f339280a303aab44ca75dc1525f1cdc5991761685b0f/ruff-0.16.9-py3-none-macosx_10_12_x86_64.whl", hash = "sha256:a5f27be168556594a86d2f415db0cf43f5291917849318f873c7e2791f7a8c67", size = 10236360, upload-time = "2026-09-24T20:37:16.049Z" },
    { url = "https://files.pythonhosted.org/packages/b6/63/09659283f92f02dff45809da194a70da2f688d87c55d8875c4fae3536072/ruff-0.16.9-py3-none-macosx_11_0_arm64.whl", hash = "sha256:1632eb1d6197f33bd00b1acbc5b71009e89a8895c158e2d2b03a834fac964ab6", size = 9892940, upload-time = "2026-09-24T20:37:17.957Z" },
    { url = "https://files.pythonhosted.org/packages/24/58/98de1b72ec172f5f8f1731236fe21585b3998bf7dfe9fcc44ae9ba626012/ruff-0.16.9-py3-none-manylinux_2_17_aarch64.manylinux2014_aarch64.whl", hash = "sha256:b3f951b14d865d5952c89d40a5ca07e87abe24fa5453299878411e127748fb1c", size = 10032114, upload-time = "2026-09-24T20:37:19.942Z" },
    { url = "https://files.pythonhosted.org/packages/c8/7d/f1e17c54ab59d4bad1dce8ee3e22a7a1d0ef4745240decacdcf3832b5bb2/ruff-0.16.9-py3-none-manylinux_2_17_armv7l.manylinux2014_armv7l.whl", hash = "sha256:447fc07e1573afff7cb02803462b12b6c8ece7cf10e2cd78565fa6d7a1c0bf8d", size = 9910227, upload-time = "2026-09-24T20:37:21.872Z" },
    { url = "https://files.pythonhosted.org/packages/34/19/436f647a65075bbd3bab2668b3bdaa5120559b294694018cdcefabbbf30b/ruff-0.16.9-py3-none-manylinux_2_17_i686.manylinux2014_i686.whl", hash = "sha256:8a3e039a6a40ed976c491722b60e0ae4a4aa1a86057f540ee7a37a5d19ae9120", size = 10547484, upload-time = "2026-09-24T20:37:24.229Z" },
    { url = "https://files.pythonhosted.org/packages/03/59/38430a6bc2f6d8095447ac39625cf8b6e9344a47e6c26225c8ba1bff3ffb/ruff-0.16.9-py3-none-manylinux_2_17_ppc64le.manylinux2014_ppc64le.whl", hash = "sha256:4684dded7db60aa57cb118fa158630f5feade4af5782903b6053484bdf9bd129", size = 11412367, upload-time = "2026-09-24T20:37:26.307Z" },
    { url = "https://files.pythonhosted.org/packages/c8/bd/bbb6d7fc7f208c8b8c50dd5dc8206e4cfdb1e7a8fb852606a3adf370c880/ruff-0.16.9-py3-none-manylinux_2_17_s390x.manylinux2014_s390x.whl", hash = "sha256:d29c934357e45642fda2f34c0b1f4025b4a6c01e15e4bf0016879d60078a142c", size = 10869787, upload-time = "2026-09-24T20:37:28.35Z" },
    { url = "https://files.pythonhosted.org/packages/bc/b8/9c543074918061abbefc3bd139bee22de35abedb00dde0f2d27288838962/ruff-0.16.9-py3-none-manylinux_2_17_x86_64.manylinux2014_x86_64.whl", hash = "sha256:a21713e629d3e5bdb2f5c2def1cc7f04f47fa8e1a7eb0571b4a28e1da64bc728", size = 10406494, upload-time = "2026-09-24T20:37:30.624Z" },
    { url = "https://files.pythonhosted.org/packages/35/7a/5a8851bd146e7ccf8fd4b003f6c75c11f8fbdb0e60673b45097986b6bf41/ruff-0.16.9-py3-none-manylinux_2_31_riscv64.whl", hash = "sha256:7baa24ef5fc8e77aa93879e1d3f43754a01ae488e869f1ae30cf431afd4d2452", size = 10590083, upload-time = "2026-09-24T20:37:32.439Z" },
    { url = "https://files.pythonhosted.org/packages/87/f0/4c3467188f23f806960b46fa76575a7cd0514c9ba90562650b71efc96980/ruff-0.16.9-py3-none-musllinux_1_2_aarch64.whl", hash = "sha256:a41aac6230aadfaa133bdfa1614488531ffa3e0837567ae04c0da2058a9c0f9e", size = 10119151, upload-time = "2026-09-24T20:37:34.581Z" },
    { url = "https://files.pythonhosted.org/packages/15/34/5a4def5adea572ce6aea0bb64f21f928ee317b80e0db747d7979b01d7261/ruff-0.16.9-py3-none-musllinux_1_2_armv7l.whl", hash = "sha256:c2529fb5896d49115b0e9aa8f887490b34bbe76baf879ec2264ac59406869ce7", size = 9911544, upload-time = "2026-09-24T20:37:36.796Z" },
    { url = "https://files.pythonhosted.org/packages/62/5d/d15ebea7499eef9373318c0ee6ca127832927c6529731f6d48e18dce7ca9/ruff-0.16.9-py3-none-musllinux_1_2_i686.whl", hash = "sha256:41e3870277694177429b56406d65dfbdb2c2802c52b715edaf6a0b829c69d4ee", size = 10269884, upload-time = "2026-09-24T20:37:38.857Z" },
    { url = "https://files.pythonhosted.org/packages/d1/56/c5d3cd119ded7a3c7aba0e961b69cb3df701c91662c98ad694467d060ce1/ruff-0.16.9-py3-none-musllinux_1_2_x86_64.whl", hash = "sha256:8adbe4e58af167f767d7b2ba5e83c42e878350796cf78c2f5e14ab9903a92588", size = 10749366, upload-time = "2026-09-24T20:37:41.042Z" },
    { url = "https://files.pythonhosted.org/packages/ac/fe/734ec7527029ac757ecf821f143c9f3fcf69149c21f53a044a899b430f5a/ruff-0.16.9-py3-none-win32.whl", hash = "sha256:0e1dbc2073624dee6618d41d0098690a7244654af746704b64759e12b6b6b385", size = 10152355, upload-time = "2026-09-24T20:37:43.025Z" },
    { url = "https://files.pythonhosted.org/packages/14/21/26e4643629b3ebb44f0a06f9c9a53058d63d989415f63a9a3c28e2ee7f22/ruff-0.16.9-py3-none-win_amd64.whl", hash = "sha256:6bd40fec8cd4c8a3d4dd589bd8ad4e6320c13c29234159bfd959a40d529d597b", size = 10592965, upload-time = "2026-09-24T20:37:44.944Z" },
    { url = "https://files.pythonhosted.org/packages/51/60/5fb1a39dbb5ae314d5f59bc7348a63c1d5c20f3cd83914c4b5cb0be31d2d/ruff-0.16.9-py3-none-win_arm64.whl", hash = "sha256:ed1a252039200f57a59eebc063b54beabea67bfbaaca0eeaa7f54b5fbcda2284", size = 10458649, upload-time = "2026-09-24T20:37:46.882Z" },
]

[[package]]
name = "termcolor"
version = "3.3.0"
source = { registry = "https://pypi.org/simple" }
sdist = { url = "https://files.pythonhosted.org/packages/46/79/cf31d7a93a8fdc6aa0fbb665be84426a8c5a557d9240b6239e9e11e35fc5/termcolor-3.3.0.tar.gz", hash = "sha256:348871ca648ec6a9a983a13ab626c0acce02f515b9e1983332b17af7979521c5", size = 14434, upload-time = "2025-12-29T12:55:21.882Z" }
wheels = [
    { url = "https://files.pythonhosted.org/packages/33/d1/8bb87d21e9aeb323cc03034f5eaf2c8f69841e40e4853c2627edf8111ed3/termcolor-3.3.0-py3-none-any.whl", hash = "sha256:cf642efadaf0a8ebbbf4bc7a31cec2f9b5f21a9f726f4ccbb08192c9c26f43a5", size = 7734, upload-time = "2025-12-29T12:55:20.718Z" },
]
